
Microsoft Visual Studio Solution File, Format Version 12.00
# Visual Studio 15
VisualStudioVersion = 15.0.27428.2037
MinimumVisualStudioVersion = 10.0.40219.1
Project("{FAE04EC0-301F-11D3-BF4B-00C04F79EFBC}") = "MonopolyUI", "MonopolyUI\MonopolyUI.csproj", "{7895CFB9-DE67-4C05-94A9-2E6E2B119103}"
EndProject
Project("{FAE04EC0-301F-11D3-BF4B-00C04F79EFBC}") = "MonopolyEntity", "MonopolyEntity\MonopolyEntity.csproj", "{1DC04559-6E2C-473D-B005-0D926389A9F7}"
EndProject
Project("{FAE04EC0-301F-11D3-BF4B-00C04F79EFBC}") = "MonopoliyBusiness", "MonopoliyBusiness\MonopoliyBusiness.csproj", "{26997503-328E-4850-8259-665C422B87BD}"
EndProject
Project("{FAE04EC0-301F-11D3-BF4B-00C04F79EFBC}") = "MonopolyDataAccess", "MonopolyDataAccess\MonopolyDataAccess.csproj", "{90FC810E-AD46-4B5E-AC1A-FBAF5C661A30}"
EndProject
Global
	GlobalSection(SolutionConfigurationPlatforms) = preSolution
		Debug|Any CPU = Debug|Any CPU
		Release|Any CPU = Release|Any CPU
	EndGlobalSection
	GlobalSection(ProjectConfigurationPlatforms) = postSolution
		{7895CFB9-DE67-4C05-94A9-2E6E2B119103}.Debug|Any CPU.ActiveCfg = Debug|Any CPU
		{7895CFB9-DE67-4C05-94A9-2E6E2B119103}.Debug|Any CPU.Build.0 = Debug|Any CPU
		{7895CFB9-DE67-4C05-94A9-2E6E2B119103}.Release|Any CPU.ActiveCfg = Release|Any CPU
		{7895CFB9-DE67-4C05-94A9-2E6E2B119103}.Release|Any CPU.Build.0 = Release|Any CPU
		{1DC04559-6E2C-473D-B005-0D926389A9F7}.Debug|Any CPU.ActiveCfg = Debug|Any CPU
		{1DC04559-6E2C-473D-B005-0D926389A9F7}.Debug|Any CPU.Build.0 = Debug|Any CPU
		{1DC04559-6E2C-473D-B005-0D926389A9F7}.Release|Any CPU.ActiveCfg = Release|Any CPU
		{1DC04559-6E2C-473D-B005-0D926389A9F7}.Release|Any CPU.Build.0 = Release|Any CPU
		{26997503-328E-4850-8259-665C422B87BD}.Debug|Any CPU.ActiveCfg = Debug|Any CPU
		{26997503-328E-4850-8259-665C422B87BD}.Debug|Any CPU.Build.0 = Debug|Any CPU
		{26997503-328E-4850-8259-665C422B87BD}.Release|Any CPU.ActiveCfg = Release|Any CPU
		{26997503-328E-4850-8259-665C422B87BD}.Release|Any CPU.Build.0 = Release|Any CPU
		{90FC810E-AD46-4B5E-AC1A-FBAF5C661A30}.Debug|Any CPU.ActiveCfg = Debug|Any CPU
		{90FC810E-AD46-4B5E-AC1A-FBAF5C661A30}.Debug|Any CPU.Build.0 = Debug|Any CPU
		{90FC810E-AD46-4B5E-AC1A-FBAF5C661A30}.Release|Any CPU.ActiveCfg = Release|Any CPU
		{90FC810E-AD46-4B5E-AC1A-FBAF5C661A30}.Release|Any CPU.Build.0 = Release|Any CPU
	EndGlobalSection
	GlobalSection(SolutionProperties) = preSolution
		HideSolutionNode = FALSE
	EndGlobalSection
	GlobalSection(ExtensibilityGlobals) = postSolution
		SolutionGuid = {0A71806A-6DE9-4B69-A455-D19EAD307C5A}
	EndGlobalSection
EndGlobal
